// !$*UTF8*$!
{
	archiveVersion = 1;
	classes = {
	};
	objectVersion = 46;
	objects = {

/* Begin PBXBuildFile section */
		58273A1D1E30FF570028F231 /* main.m in Sources */ = {isa = PBXBuildFile; fileRef = 58273A1C1E30FF570028F231 /* main.m */; };
		58273A201E30FF570028F231 /* AppDelegate.m in Sources */ = {isa = PBXBuildFile; fileRef = 58273A1F1E30FF570028F231 /* AppDelegate.m */; };
		58273A231E30FF570028F231 /* ViewController.m in Sources */ = {isa = PBXBuildFile; fileRef = 58273A221E30FF570028F231 /* ViewController.m */; };
		58273A261E30FF570028F231 /* Main.storyboard in Resources */ = {isa = PBXBuildFile; fileRef = 58273A241E30FF570028F231 /* Main.storyboard */; };
		58273A281E30FF570028F231 /* Assets.xcassets in Resources */ = {isa = PBXBuildFile; fileRef = 58273A271E30FF570028F231 /* Assets.xcassets */; };
		58273A2B1E30FF570028F231 /* LaunchScreen.storyboard in Resources */ = {isa = PBXBuildFile; fileRef = 58273A291E30FF570028F231 /* LaunchScreen.storyboard */; };
		58273A351E30FF650028F231 /* WSAlertView.m in Sources */ = {isa = PBXBuildFile; fileRef = 58273A341E30FF650028F231 /* WSAlertView.m */; };
		58273A381E30FFCF0028F231 /* UIView+WSExtension.m in Sources */ = {isa = PBXBuildFile; fileRef = 58273A371E30FFCF0028F231 /* UIView+WSExtension.m */; };
		58273A3B1E31024D0028F231 /* close@2x.png in Resources */ = {isa = PBXBuildFile; fileRef = 58273A391E31024D0028F231 /* close@2x.png */; };
		58273A3C1E31024D0028F231 /* close@3x.png in Resources */ = {isa = PBXBuildFile; fileRef = 58273A3A1E31024D0028F231 /* close@3x.png */; };
/* End PBXBuildFile section */

/* Begin PBXFileReference section */
		58273A181E30FF570028F231 /* WSAlertViewDemo.app */ = {isa = PBXFileReference; explicitFileType = wrapper.application; includeInIndex = 0; path = WSAlertViewDemo.app; sourceTree = BUILT_PRODUCTS_DIR; };
		58273A1C1E30FF570028F231 /* main.m */ = {isa = PBXFileReference; lastKnownFileType = sourcecode.c.objc; path = main.m; sourceTree = "<group>"; };
		58273A1E1E30FF570028F231 /* AppDelegate.h */ = {isa = PBXFileReference; lastKnownFileType = sourcecode.c.h; path = AppDelegate.h; sourceTree = "<group>"; };
		58273A1F1E30FF570028F231 /* AppDelegate.m */ = {isa = PBXFileReference; lastKnownFileType = sourcecode.c.objc; path = AppDelegate.m; sourceTree = "<group>"; };
		58273A211E30FF570028F231 /* ViewController.h */ = {isa = PBXFileReference; lastKnownFileType = sourcecode.c.h; path = ViewController.h; sourceTree = "<group>"; };
		58273A221E30FF570028F231 /* ViewController.m */ = {isa = PBXFileReference; lastKnownFileType = sourcecode.c.objc; path = ViewController.m; sourceTree = "<group>"; };
		58273A251E30FF570028F231 /* Base */ = {isa = PBXFileReference; lastKnownFileType = file.storyboard; name = Base; path = Base.lproj/Main.storyboard; sourceTree = "<group>"; };
		58273A271E30FF570028F231 /* Assets.xcassets */ = {isa = PBXFileReference; lastKnownFileType = folder.assetcatalog; path = Assets.xcassets; sourceTree = "<group>"; };
		58273A2A1E30FF570028F231 /* Base */ = {isa = PBXFileReference; lastKnownFileType = file.storyboard; name = Base; path = Base.lproj/LaunchScreen.storyboard; sourceTree = "<group>"; };
		58273A2C1E30FF570028F231 /* Info.plist */ = {isa = PBXFileReference; lastKnownFileType = text.plist.xml; path = Info.plist; sourceTree = "<group>"; };
		58273A331E30FF650028F231 /* WSAlertView.h */ = {isa = PBXFileReference; fileEncoding = 4; lastKnownFileType = sourcecode.c.h; path = WSAlertView.h; sourceTree = "<group>"; };
		58273A341E30FF650028F231 /* WSAlertView.m */ = {isa = PBXFileReference; fileEncoding = 4; lastKnownFileType = sourcecode.c.objc; path = WSAlertView.m; sourceTree = "<group>"; };
		58273A361E30FFCF0028F231 /* UIView+WSExtension.h */ = {isa = PBXFileReference; fileEncoding = 4; lastKnownFileType = sourcecode.c.h; path = "UIView+WSExtension.h"; sourceTree = "<group>"; };
		58273A371E30FFCF0028F231 /* UIView+WSExtension.m */ = {isa = PBXFileReference; fileEncoding = 4; lastKnownFileType = sourcecode.c.objc; path = "UIView+WSExtension.m"; sourceTree = "<group>"; };
		58273A391E31024D0028F231 /* close@2x.png */ = {isa = PBXFileReference; lastKnownFileType = image.png; path = "close@2x.png"; sourceTree = "<group>"; };
		58273A3A1E31024D0028F231 /* close@3x.png */ = {isa = PBXFileReference; lastKnownFileType = image.png; path = "close@3x.png"; sourceTree = "<group>"; };
/* End PBXFileReference section */

/* Begin PBXFrameworksBuildPhase section */
		58273A151E30FF570028F231 /* Frameworks */ = {
			isa = PBXFrameworksBuildPhase;
			buildActionMask = 2147483647;
			files = (
			);
			runOnlyForDeploymentPostprocessing = 0;
		};
/* End PBXFrameworksBuildPhase section */

/* Begin PBXGroup section */
		58273A0F1E30FF570028F231 = {
			isa = PBXGroup;
			children = (
				58273A1A1E30FF570028F231 /* WSAlertViewDemo */,
				58273A191E30FF570028F231 /* Products */,
			);
			sourceTree = "<group>";
		};
		58273A191E30FF570028F231 /* Products */ = {
			isa = PBXGroup;
			children = (
				58273A181E30FF570028F231 /* WSAlertViewDemo.app */,
			);
			name = Products;
			sourceTree = "<group>";
		};
		58273A1A1E30FF570028F231 /* WSAlertViewDemo */ = {
			isa = PBXGroup;
			children = (
				58273A321E30FF650028F231 /* WSAlertView */,
				58273A1E1E30FF570028F231 /* AppDelegate.h */,
				58273A1F1E30FF570028F231 /* AppDelegate.m */,
				58273A211E30FF570028F231 /* ViewController.h */,
				58273A221E30FF570028F231 /* ViewController.m */,
				58273A241E30FF570028F231 /* Main.storyboard */,
				58273A271E30FF570028F231 /* Assets.xcassets */,
				58273A291E30FF570028F231 /* LaunchScreen.storyboard */,
				58273A2C1E30FF570028F231 /* Info.plist */,
				58273A1B1E30FF570028F231 /* Supporting Files */,
			);
			path = WSAlertViewDemo;
			sourceTree = "<group>";
		};
		58273A1B1E30FF570028F231 /* Supporting Files */ = {
			isa = PBXGroup;
			children = (
				58273A1C1E30FF570028F231 /* main.m */,
			);
			name = "Supporting Files";
			sourceTree = "<group>";
		};
		58273A321E30FF650028F231 /* WSAlertView */ = {
			isa = PBXGroup;
			children = (
				58273A391E31024D0028F231 /* close@2x.png */,
				58273A3A1E31024D0028F231 /* close@3x.png */,
				58273A361E30FFCF0028F231 /* UIView+WSExtension.h */,
				58273A371E30FFCF0028F231 /* UIView+WSExtension.m */,
				58273A331E30FF650028F231 /* WSAlertView.h */,
				58273A341E30FF650028F231 /* WSAlertView.m */,
			);
			path = WSAlertView;
			sourceTree = "<group>";
		};
/* End PBXGroup section */

/* Begin PBXNativeTarget section */
		58273A171E30FF570028F231 /* WSAlertViewDemo */ = {
			isa = PBXNativeTarget;
			buildConfigurationList = 58273A2F1E30FF570028F231 /* Build configuration list for PBXNativeTarget "WSAlertViewDemo" */;
			buildPhases = (
				58273A141E30FF570028F231 /* Sources */,
				58273A151E30FF570028F231 /* Frameworks */,
				58273A161E30FF570028F231 /* Resources */,
			);
			buildRules = (
			);
			dependencies = (
			);
			name = WSAlertViewDemo;
			productName = WSAlertViewDemo;
			productReference = 58273A181E30FF570028F231 /* WSAlertViewDemo.app */;
			productType = "com.apple.product-type.application";
		};
/* End PBXNativeTarget section */

/* Begin PBXProject section */
		58273A101E30FF570028F231 /* Project object */ = {
			isa = PBXProject;
			attributes = {
				LastUpgradeCheck = 0820;
				ORGANIZATIONNAME = WSAlone;
				TargetAttributes = {
					58273A171E30FF570028F231 = {
						CreatedOnToolsVersion = 8.2;
						DevelopmentTeam = C7NU94ZQWQ;
						ProvisioningStyle = Automatic;
					};
				};
			};
			buildConfigurationList = 58273A131E30FF570028F231 /* Build configuration list for PBXProject "WSAlertViewDemo" */;
			compatibilityVersion = "Xcode 3.2";
			developmentRegion = English;
			hasScannedForEncodings = 0;
			knownRegions = (
				en,
				Base,
			);
			mainGroup = 58273A0F1E30FF570028F231;
			productRefGroup = 58273A191E30FF570028F231 /* Products */;
			projectDirPath = "";
			projectRoot = "";
			targets = (
				58273A171E30FF570028F231 /* WSAlertViewDemo */,
			);
		};
/* End PBXProject section */

/* Begin PBXResourcesBuildPhase section */
		58273A161E30FF570028F231 /* Resources */ = {
			isa = PBXResourcesBuildPhase;
			buildActionMask = 2147483647;
			files = (
				58273A3C1E31024D0028F231 /* close@3x.png in Resources */,
				58273A2B1E30FF570028F231 /* LaunchScreen.storyboard in Resources */,
				58273A281E30FF570028F231 /* Assets.xcassets in Resources */,
				58273A261E30FF570028F231 /* Main.storyboard in Resources */,
				58273A3B1E31024D0028F231 /* close@2x.png in Resources */,
			);
			runOnlyForDeploymentPostprocessing = 0;
		};
/* End PBXResourcesBuildPhase section */

/* Begin PBXSourcesBuildPhase section */
		58273A141E30FF570028F231 /* Sources */ = {
			isa = PBXSourcesBuildPhase;
			buildActionMask = 2147483647;
			files = (
				58273A231E30FF570028F231 /* ViewController.m in Sources */,
				58273A351E30FF650028F231 /* WSAlertView.m in Sources */,
				58273A381E30FFCF0028F231 /* UIView+WSExtension.m in Sources */,
				58273A201E30FF570028F231 /* AppDelegate.m in Sources */,
				58273A1D1E30FF570028F231 /* main.m in Sources */,
			);
			runOnlyForDeploymentPostprocessing = 0;
		};
/* End PBXSourcesBuildPhase section */

/* Begin PBXVariantGroup section */
		58273A241E30FF570028F231 /* Main.storyboard */ = {
			isa = PBXVariantGroup;
			children = (
				58273A251E30FF570028F231 /* Base */,
			);
			name = Main.storyboard;
			sourceTree = "<group>";
		};
		58273A291E30FF570028F231 /* LaunchScreen.storyboard */ = {
			isa = PBXVariantGroup;
			children = (
				58273A2A1E30FF570028F231 /* Base */,
			);
			name = LaunchScreen.storyboard;
			sourceTree = "<group>";
		};
/* End PBXVariantGroup section */

/* Begin XCBuildConfiguration section */
		58273A2D1E30FF570028F231 /* Debug */ = {
			isa = XCBuildConfiguration;
			buildSettings = {
				ALWAYS_SEARCH_USER_PATHS = NO;
				CLANG_ANALYZER_NONNULL = YES;
				CLANG_CXX_LANGUAGE_STANDARD = "gnu++0x";
				CLANG_CXX_LIBRARY = "libc++";
				CLANG_ENABLE_MODULES = YES;
				CLANG_ENABLE_OBJC_ARC = YES;
				CLANG_WARN_BOOL_CONVERSION = YES;
				CLANG_WARN_CONSTANT_CONVERSION = YES;
				CLANG_WARN_DIRECT_OBJC_ISA_USAGE = YES_ERROR;
				CLANG_WARN_DOCUMENTATION_COMMENTS = YES;
				CLANG_WARN_EMPTY_BODY = YES;
				CLANG_WARN_ENUM_CONVERSION = YES;
				CLANG_WARN_INFINITE_RECURSION = YES;
				CLANG_WARN_INT_CONVERSION = YES;
				CLANG_WARN_OBJC_ROOT_CLASS = YES_ERROR;
				CLANG_WARN_SUSPICIOUS_MOVE = YES;
				CLANG_WARN_UNREACHABLE_CODE = YES;
				CLANG_WARN__DUPLICATE_METHOD_MATCH = YES;
				"CODE_SIGN_IDENTITY[sdk=iphoneos*]" = "iPhone Developer";
				COPY_PHASE_STRIP = NO;
				DEBUG_INFORMATION_FORMAT = dwarf;
				ENABLE_STRICT_OBJC_MSGSEND = YES;
				ENABLE_TESTABILITY = YES;
				GCC_C_LANGUAGE_STANDARD = gnu99;
				GCC_DYNAMIC_NO_PIC = NO;
				GCC_NO_COMMON_BLOCKS = YES;
				GCC_OPTIMIZATION_LEVEL = 0;
				GCC_PREPROCESSOR_DEFINITIONS = (
					"DEBUG=1",
					"$(inherited)",
				);
				GCC_WARN_64_TO_32_BIT_CONVERSION = YES;
				GCC_WARN_ABOUT_RETURN_TYPE = YES_ERROR;
				GCC_WARN_UNDECLARED_SELECTOR = YES;
				GCC_WARN_UNINITIALIZED_AUTOS = YES_AGGRESSIVE;
				GCC_WARN_UNUSED_FUNCTION = YES;
				GCC_WARN_UNUSED_VARIABLE = YES;
				IPHONEOS_DEPLOYMENT_TARGET = 10.2;
				MTL_ENABLE_DEBUG_INFO = YES;
				ONLY_ACTIVE_ARCH = YES;
				SDKROOT = iphoneos;
				TARGETED_DEVICE_FAMILY = "1,2";
			};
			name = Debug;
		};
		58273A2E1E30FF570028F231 /* Release */ = {
			isa = XCBuildConfiguration;
			buildSettings = {
				ALWAYS_SEARCH_USER_PATHS = NO;
				CLANG_ANALYZER_NONNULL = YES;
				CLANG_CXX_LANGUAGE_STANDARD = "gnu++0x";
				CLANG_CXX_LIBRARY = "libc++";
				CLANG_ENABLE_MODULES = YES;
				CLANG_ENABLE_OBJC_ARC = YES;
				CLANG_WARN_BOOL_CONVERSION = YES;
				CLANG_WARN_CONSTANT_CONVERSION = YES;
				CLANG_WARN_DIRECT_OBJC_ISA_USAGE = YES_ERROR;
				CLANG_WARN_DOCUMENTATION_COMMENTS = YES;
				CLANG_WARN_EMPTY_BODY = YES;
				CLANG_WARN_ENUM_CONVERSION = YES;
				CLANG_WARN_INFINITE_RECURSION = YES;
				CLANG_WARN_INT_CONVERSION = YES;
				CLANG_WARN_OBJC_ROOT_CLASS = YES_ERROR;
				CLANG_WARN_SUSPICIOUS_MOVE = YES;
				CLANG_WARN_UNREACHABLE_CODE = YES;
				CLANG_WARN__DUPLICATE_METHOD_MATCH = YES;
				"CODE_SIGN_IDENTITY[sdk=iphoneos*]" = "iPhone Developer";
				COPY_PHASE_STRIP = NO;
				DEBUG_INFORMATION_FORMAT = "dwarf-with-dsym";
				ENABLE_NS_ASSERTIONS = NO;
				ENABLE_STRICT_OBJC_MSGSEND = YES;
				GCC_C_LANGUAGE_STANDARD = gnu99;
				GCC_NO_COMMON_BLOCKS = YES;
				GCC_WARN_64_TO_32_BIT_CONVERSION = YES;
				GCC_WARN_ABOUT_RETURN_TYPE = YES_ERROR;
				GCC_WARN_UNDECLARED_SELECTOR = YES;
				GCC_WARN_UNINITIALIZED_AUTOS = YES_AGGRESSIVE;
				GCC_WARN_UNUSED_FUNCTION = YES;
				GCC_WARN_UNUSED_VARIABLE = YES;
				IPHONEOS_DEPLOYMENT_TARGET = 10.2;
				MTL_ENABLE_DEBUG_INFO = NO;
				SDKROOT = iphoneos;
				TARGETED_DEVICE_FAMILY = "1,2";
				VALIDATE_PRODUCT = YES;
			};
			name = Release;
		};
		58273A301E30FF570028F231 /* Debug */ = {
			isa = XCBuildConfiguration;
			buildSettings = {
				ASSETCATALOG_COMPILER_APPICON_NAME = AppIcon;
				DEVELOPMENT_TEAM = C7NU94ZQWQ;
				INFOPLIST_FILE = WSAlertViewDemo/Info.plist;
				LD_RUNPATH_SEARCH_PATHS = "$(inherited) @executable_path/Frameworks";
				PRODUCT_BUNDLE_IDENTIFIER = com.toBeNumberOne.WSAlertViewDemo;
				PRODUCT_NAME = "$(TARGET_NAME)";
			};
			name = Debug;
		};
		58273A311E30FF570028F231 /* Release */ = {
			isa = XCBuildConfiguration;
			buildSettings = {
				ASSETCATALOG_COMPILER_APPICON_NAME = AppIcon;
				DEVELOPMENT_TEAM = C7NU94ZQWQ;
				INFOPLIST_FILE = WSAlertViewDemo/Info.plist;
				LD_RUNPATH_SEARCH_PATHS = "$(inherited) @executable_path/Frameworks";
				PRODUCT_BUNDLE_IDENTIFIER = com.toBeNumberOne.WSAlertViewDemo;
				PRODUCT_NAME = "$(TARGET_NAME)";
			};
			name = Release;
		};
/* End XCBuildConfiguration section */

/* Begin XCConfigurationList section */
		58273A131E30FF570028F231 /* Build configuration list for PBXProject "WSAlertViewDemo" */ = {
			isa = XCConfigurationList;
			buildConfigurations = (
				58273A2D1E30FF570028F231 /* Debug */,
				58273A2E1E30FF570028F231 /* Release */,
			);
			defaultConfigurationIsVisible = 0;
			defaultConfigurationName = Release;
		};
		58273A2F1E30FF570028F231 /* Build configuration list for PBXNativeTarget "WSAlertViewDemo" */ = {
			isa = XCConfigurationList;
			buildConfigurations = (
				58273A301E30FF570028F231 /* Debug */,
				58273A311E30FF570028F231 /* Release */,
			);
			defaultConfigurationIsVisible = 0;
		};
/* End XCConfigurationList section */
	};
	rootObject = 58273A101E30FF570028F231 /* Project object */;
}
